
Microsoft Visual Studio Solution File, Format Version 12.00
# Visual Studio Version 16
VisualStudioVersion = 16.0.31624.102
MinimumVisualStudioVersion = 10.0.40219.1
Project("{9A19103F-16F7-4668-BE54-9A1E7A4F7556}") = "ConstructorCNN", "ConstructorCNN\ConstructorCNN.csproj", "{5C982C4A-81D8-4585-97A1-41A65733EDAD}"
EndProject
Project("{2150E333-8FDC-42A3-9474-1A3956D46DE8}") = "Solution Items", "Solution Items", "{039FD995-C799-4CDB-8D2E-B004ABF1933A}"
	ProjectSection(SolutionItems) = preProject
		.editorconfig = .editorconfig
	EndProjectSection
EndProject
Project("{9A19103F-16F7-4668-BE54-9A1E7A4F7556}") = "LibraryCNN", "..\LibraryCNN\LibraryCNN\LibraryCNN.csproj", "{BEFA0849-A75E-49B3-9032-7DF8F69F95C6}"
EndProject
Global
	GlobalSection(SolutionConfigurationPlatforms) = preSolution
		Debug|Any CPU = Debug|Any CPU
		Release|Any CPU = Release|Any CPU
	EndGlobalSection
	GlobalSection(ProjectConfigurationPlatforms) = postSolution
		{5C982C4A-81D8-4585-97A1-41A65733EDAD}.Debug|Any CPU.ActiveCfg = Debug|Any CPU
		{5C982C4A-81D8-4585-97A1-41A65733EDAD}.Debug|Any CPU.Build.0 = Debug|Any CPU
		{5C982C4A-81D8-4585-97A1-41A65733EDAD}.Release|Any CPU.ActiveCfg = Release|Any CPU
		{5C982C4A-81D8-4585-97A1-41A65733EDAD}.Release|Any CPU.Build.0 = Release|Any CPU
		{BEFA0849-A75E-49B3-9032-7DF8F69F95C6}.Debug|Any CPU.ActiveCfg = Debug|Any CPU
		{BEFA0849-A75E-49B3-9032-7DF8F69F95C6}.Debug|Any CPU.Build.0 = Debug|Any CPU
		{BEFA0849-A75E-49B3-9032-7DF8F69F95C6}.Release|Any CPU.ActiveCfg = Release|Any CPU
		{BEFA0849-A75E-49B3-9032-7DF8F69F95C6}.Release|Any CPU.Build.0 = Release|Any CPU
	EndGlobalSection
	GlobalSection(SolutionProperties) = preSolution
		HideSolutionNode = FALSE
	EndGlobalSection
	GlobalSection(ExtensibilityGlobals) = postSolution
		SolutionGuid = {DF418F5A-D3EC-4773-A5B6-51C57947AAAF}
	EndGlobalSection
EndGlobal
